// !$*UTF8*$!
{
	archiveVersion = 1;
	classes = {
	};
	objectVersion = 50;
	objects = {

/* Begin PBXBuildFile section */
		8C714CD423A3D1A100CB2E77 /* CharacterListViewControllerTests.swift in Sources */ = {isa = PBXBuildFile; fileRef = 8C714CD023A3D1A100CB2E77 /* CharacterListViewControllerTests.swift */; };
		8C714CD523A3D1A100CB2E77 /* CharacterListInteractorTests.swift in Sources */ = {isa = PBXBuildFile; fileRef = 8C714CD123A3D1A100CB2E77 /* CharacterListInteractorTests.swift */; };
		8C714CD623A3D1A100CB2E77 /* CharacterListWorkerTests.swift in Sources */ = {isa = PBXBuildFile; fileRef = 8C714CD223A3D1A100CB2E77 /* CharacterListWorkerTests.swift */; };
		8C714CD723A3D1A100CB2E77 /* CharacterListPresenterTests.swift in Sources */ = {isa = PBXBuildFile; fileRef = 8C714CD323A3D1A100CB2E77 /* CharacterListPresenterTests.swift */; };
		8C7291BA23A4125900D93164 /* CharacterCell.swift in Sources */ = {isa = PBXBuildFile; fileRef = 8C7291B923A4125900D93164 /* CharacterCell.swift */; };
		8C7291BB23A4125900D93164 /* CharacterCell.swift in Sources */ = {isa = PBXBuildFile; fileRef = 8C7291B923A4125900D93164 /* CharacterCell.swift */; };
		8C7291BC23A4125900D93164 /* CharacterCell.swift in Sources */ = {isa = PBXBuildFile; fileRef = 8C7291B923A4125900D93164 /* CharacterCell.swift */; };
		8C7291BE23A4128900D93164 /* UIImageViewExtension.swift in Sources */ = {isa = PBXBuildFile; fileRef = 8C7291BD23A4128900D93164 /* UIImageViewExtension.swift */; };
		8C7291BF23A4128900D93164 /* UIImageViewExtension.swift in Sources */ = {isa = PBXBuildFile; fileRef = 8C7291BD23A4128900D93164 /* UIImageViewExtension.swift */; };
		8C7291C023A4128900D93164 /* UIImageViewExtension.swift in Sources */ = {isa = PBXBuildFile; fileRef = 8C7291BD23A4128900D93164 /* UIImageViewExtension.swift */; };
		8C98259C23A2EF6B006EEE60 /* CharacterDetailsPresenter.swift in Sources */ = {isa = PBXBuildFile; fileRef = 8C98259623A2EF6B006EEE60 /* CharacterDetailsPresenter.swift */; };
		8C98259D23A2EF6B006EEE60 /* CharacterDetailsPresenter.swift in Sources */ = {isa = PBXBuildFile; fileRef = 8C98259623A2EF6B006EEE60 /* CharacterDetailsPresenter.swift */; };
		8C98259E23A2EF6B006EEE60 /* CharacterDetailsPresenter.swift in Sources */ = {isa = PBXBuildFile; fileRef = 8C98259623A2EF6B006EEE60 /* CharacterDetailsPresenter.swift */; };
		8C98259F23A2EF6B006EEE60 /* CharacterDetailsWorker.swift in Sources */ = {isa = PBXBuildFile; fileRef = 8C98259723A2EF6B006EEE60 /* CharacterDetailsWorker.swift */; };
		8C9825A023A2EF6B006EEE60 /* CharacterDetailsWorker.swift in Sources */ = {isa = PBXBuildFile; fileRef = 8C98259723A2EF6B006EEE60 /* CharacterDetailsWorker.swift */; };
		8C9825A123A2EF6B006EEE60 /* CharacterDetailsWorker.swift in Sources */ = {isa = PBXBuildFile; fileRef = 8C98259723A2EF6B006EEE60 /* CharacterDetailsWorker.swift */; };
		8C9825A223A2EF6B006EEE60 /* CharacterDetailsRouter.swift in Sources */ = {isa = PBXBuildFile; fileRef = 8C98259823A2EF6B006EEE60 /* CharacterDetailsRouter.swift */; };
		8C9825A323A2EF6B006EEE60 /* CharacterDetailsRouter.swift in Sources */ = {isa = PBXBuildFile; fileRef = 8C98259823A2EF6B006EEE60 /* CharacterDetailsRouter.swift */; };
		8C9825A423A2EF6B006EEE60 /* CharacterDetailsRouter.swift in Sources */ = {isa = PBXBuildFile; fileRef = 8C98259823A2EF6B006EEE60 /* CharacterDetailsRouter.swift */; };
		8C9825A523A2EF6B006EEE60 /* CharacterDetailsModels.swift in Sources */ = {isa = PBXBuildFile; fileRef = 8C98259923A2EF6B006EEE60 /* CharacterDetailsModels.swift */; };
		8C9825A623A2EF6B006EEE60 /* CharacterDetailsModels.swift in Sources */ = {isa = PBXBuildFile; fileRef = 8C98259923A2EF6B006EEE60 /* CharacterDetailsModels.swift */; };
		8C9825A723A2EF6B006EEE60 /* CharacterDetailsModels.swift in Sources */ = {isa = PBXBuildFile; fileRef = 8C98259923A2EF6B006EEE60 /* CharacterDetailsModels.swift */; };
		8C9825A823A2EF6B006EEE60 /* CharacterDetailsViewController.swift in Sources */ = {isa = PBXBuildFile; fileRef = 8C98259A23A2EF6B006EEE60 /* CharacterDetailsViewController.swift */; };
		8C9825A923A2EF6B006EEE60 /* CharacterDetailsViewController.swift in Sources */ = {isa = PBXBuildFile; fileRef = 8C98259A23A2EF6B006EEE60 /* CharacterDetailsViewController.swift */; };
		8C9825AA23A2EF6B006EEE60 /* CharacterDetailsViewController.swift in Sources */ = {isa = PBXBuildFile; fileRef = 8C98259A23A2EF6B006EEE60 /* CharacterDetailsViewController.swift */; };
		8C9825AB23A2EF6B006EEE60 /* CharacterDetailsInteractor.swift in Sources */ = {isa = PBXBuildFile; fileRef = 8C98259B23A2EF6B006EEE60 /* CharacterDetailsInteractor.swift */; };
		8C9825AC23A2EF6B006EEE60 /* CharacterDetailsInteractor.swift in Sources */ = {isa = PBXBuildFile; fileRef = 8C98259B23A2EF6B006EEE60 /* CharacterDetailsInteractor.swift */; };
		8C9825AD23A2EF6B006EEE60 /* CharacterDetailsInteractor.swift in Sources */ = {isa = PBXBuildFile; fileRef = 8C98259B23A2EF6B006EEE60 /* CharacterDetailsInteractor.swift */; };
		8CAA36E523A2933700ABF8B2 /* CharacterListPresenter.swift in Sources */ = {isa = PBXBuildFile; fileRef = 8CAA36DF23A2933700ABF8B2 /* CharacterListPresenter.swift */; };
		8CAA36E623A2933700ABF8B2 /* CharacterListPresenter.swift in Sources */ = {isa = PBXBuildFile; fileRef = 8CAA36DF23A2933700ABF8B2 /* CharacterListPresenter.swift */; };
		8CAA36E723A2933700ABF8B2 /* CharacterListPresenter.swift in Sources */ = {isa = PBXBuildFile; fileRef = 8CAA36DF23A2933700ABF8B2 /* CharacterListPresenter.swift */; };
		8CAA36E823A2933700ABF8B2 /* CharacterListWorker.swift in Sources */ = {isa = PBXBuildFile; fileRef = 8CAA36E023A2933700ABF8B2 /* CharacterListWorker.swift */; };
		8CAA36E923A2933700ABF8B2 /* CharacterListWorker.swift in Sources */ = {isa = PBXBuildFile; fileRef = 8CAA36E023A2933700ABF8B2 /* CharacterListWorker.swift */; };
		8CAA36EA23A2933700ABF8B2 /* CharacterListWorker.swift in Sources */ = {isa = PBXBuildFile; fileRef = 8CAA36E023A2933700ABF8B2 /* CharacterListWorker.swift */; };
		8CAA36EB23A2933700ABF8B2 /* CharacterListRouter.swift in Sources */ = {isa = PBXBuildFile; fileRef = 8CAA36E123A2933700ABF8B2 /* CharacterListRouter.swift */; };
		8CAA36EC23A2933700ABF8B2 /* CharacterListRouter.swift in Sources */ = {isa = PBXBuildFile; fileRef = 8CAA36E123A2933700ABF8B2 /* CharacterListRouter.swift */; };
		8CAA36ED23A2933700ABF8B2 /* CharacterListRouter.swift in Sources */ = {isa = PBXBuildFile; fileRef = 8CAA36E123A2933700ABF8B2 /* CharacterListRouter.swift */; };
		8CAA36EE23A2933700ABF8B2 /* CharacterListModels.swift in Sources */ = {isa = PBXBuildFile; fileRef = 8CAA36E223A2933700ABF8B2 /* CharacterListModels.swift */; };
		8CAA36EF23A2933700ABF8B2 /* CharacterListModels.swift in Sources */ = {isa = PBXBuildFile; fileRef = 8CAA36E223A2933700ABF8B2 /* CharacterListModels.swift */; };
		8CAA36F023A2933700ABF8B2 /* CharacterListModels.swift in Sources */ = {isa = PBXBuildFile; fileRef = 8CAA36E223A2933700ABF8B2 /* CharacterListModels.swift */; };
		8CAA36F123A2933700ABF8B2 /* CharacterListViewController.swift in Sources */ = {isa = PBXBuildFile; fileRef = 8CAA36E323A2933700ABF8B2 /* CharacterListViewController.swift */; };
		8CAA36F223A2933700ABF8B2 /* CharacterListViewController.swift in Sources */ = {isa = PBXBuildFile; fileRef = 8CAA36E323A2933700ABF8B2 /* CharacterListViewController.swift */; };
		8CAA36F323A2933700ABF8B2 /* CharacterListViewController.swift in Sources */ = {isa = PBXBuildFile; fileRef = 8CAA36E323A2933700ABF8B2 /* CharacterListViewController.swift */; };
		8CAA36F423A2933700ABF8B2 /* CharacterListInteractor.swift in Sources */ = {isa = PBXBuildFile; fileRef = 8CAA36E423A2933700ABF8B2 /* CharacterListInteractor.swift */; };
		8CAA36F523A2933700ABF8B2 /* CharacterListInteractor.swift in Sources */ = {isa = PBXBuildFile; fileRef = 8CAA36E423A2933700ABF8B2 /* CharacterListInteractor.swift */; };
		8CAA36F623A2933700ABF8B2 /* CharacterListInteractor.swift in Sources */ = {isa = PBXBuildFile; fileRef = 8CAA36E423A2933700ABF8B2 /* CharacterListInteractor.swift */; };
		8CAA36F923A29A1200ABF8B2 /* CharacterListResult.swift in Sources */ = {isa = PBXBuildFile; fileRef = 8CAA36F823A29A1200ABF8B2 /* CharacterListResult.swift */; };
		8CAA36FA23A29A1200ABF8B2 /* CharacterListResult.swift in Sources */ = {isa = PBXBuildFile; fileRef = 8CAA36F823A29A1200ABF8B2 /* CharacterListResult.swift */; };
		8CAA36FB23A29A1200ABF8B2 /* CharacterListResult.swift in Sources */ = {isa = PBXBuildFile; fileRef = 8CAA36F823A29A1200ABF8B2 /* CharacterListResult.swift */; };
		8CC40E2E23A28D5000AD1533 /* AppDelegate.swift in Sources */ = {isa = PBXBuildFile; fileRef = 8CC40E2D23A28D5000AD1533 /* AppDelegate.swift */; };
		8CC40E3023A28D5000AD1533 /* SceneDelegate.swift in Sources */ = {isa = PBXBuildFile; fileRef = 8CC40E2F23A28D5000AD1533 /* SceneDelegate.swift */; };
		8CC40E3523A28D5000AD1533 /* Main.storyboard in Resources */ = {isa = PBXBuildFile; fileRef = 8CC40E3323A28D5000AD1533 /* Main.storyboard */; };
		8CC40E3723A28D5400AD1533 /* Assets.xcassets in Resources */ = {isa = PBXBuildFile; fileRef = 8CC40E3623A28D5400AD1533 /* Assets.xcassets */; };
		8CC40E3A23A28D5400AD1533 /* LaunchScreen.storyboard in Resources */ = {isa = PBXBuildFile; fileRef = 8CC40E3823A28D5400AD1533 /* LaunchScreen.storyboard */; };
/* End PBXBuildFile section */

/* Begin PBXContainerItemProxy section */
		8CC40E4123A28D5500AD1533 /* PBXContainerItemProxy */ = {
			isa = PBXContainerItemProxy;
			containerPortal = 8CC40E2223A28D5000AD1533 /* Project object */;
			proxyType = 1;
			remoteGlobalIDString = 8CC40E2923A28D5000AD1533;
			remoteInfo = RickAndMorty;
		};
		8CC40E4C23A28D5500AD1533 /* PBXContainerItemProxy */ = {
			isa = PBXContainerItemProxy;
			containerPortal = 8CC40E2223A28D5000AD1533 /* Project object */;
			proxyType = 1;
			remoteGlobalIDString = 8CC40E2923A28D5000AD1533;
			remoteInfo = RickAndMorty;
		};
/* End PBXContainerItemProxy section */

/* Begin PBXFileReference section */
		8C714CD023A3D1A100CB2E77 /* CharacterListViewControllerTests.swift */ = {isa = PBXFileReference; lastKnownFileType = sourcecode.swift; path = CharacterListViewControllerTests.swift; sourceTree = "<group>"; };
		8C714CD123A3D1A100CB2E77 /* CharacterListInteractorTests.swift */ = {isa = PBXFileReference; lastKnownFileType = sourcecode.swift; path = CharacterListInteractorTests.swift; sourceTree = "<group>"; };
		8C714CD223A3D1A100CB2E77 /* CharacterListWorkerTests.swift */ = {isa = PBXFileReference; lastKnownFileType = sourcecode.swift; path = CharacterListWorkerTests.swift; sourceTree = "<group>"; };
		8C714CD323A3D1A100CB2E77 /* CharacterListPresenterTests.swift */ = {isa = PBXFileReference; lastKnownFileType = sourcecode.swift; path = CharacterListPresenterTests.swift; sourceTree = "<group>"; };
		8C7291B923A4125900D93164 /* CharacterCell.swift */ = {isa = PBXFileReference; lastKnownFileType = sourcecode.swift; path = CharacterCell.swift; sourceTree = "<group>"; };
		8C7291BD23A4128900D93164 /* UIImageViewExtension.swift */ = {isa = PBXFileReference; lastKnownFileType = sourcecode.swift; path = UIImageViewExtension.swift; sourceTree = "<group>"; };
		8C98259623A2EF6B006EEE60 /* CharacterDetailsPresenter.swift */ = {isa = PBXFileReference; lastKnownFileType = sourcecode.swift; path = CharacterDetailsPresenter.swift; sourceTree = "<group>"; };
		8C98259723A2EF6B006EEE60 /* CharacterDetailsWorker.swift */ = {isa = PBXFileReference; lastKnownFileType = sourcecode.swift; path = CharacterDetailsWorker.swift; sourceTree = "<group>"; };
		8C98259823A2EF6B006EEE60 /* CharacterDetailsRouter.swift */ = {isa = PBXFileReference; lastKnownFileType = sourcecode.swift; path = CharacterDetailsRouter.swift; sourceTree = "<group>"; };
		8C98259923A2EF6B006EEE60 /* CharacterDetailsModels.swift */ = {isa = PBXFileReference; lastKnownFileType = sourcecode.swift; path = CharacterDetailsModels.swift; sourceTree = "<group>"; };
		8C98259A23A2EF6B006EEE60 /* CharacterDetailsViewController.swift */ = {isa = PBXFileReference; lastKnownFileType = sourcecode.swift; path = CharacterDetailsViewController.swift; sourceTree = "<group>"; };
		8C98259B23A2EF6B006EEE60 /* CharacterDetailsInteractor.swift */ = {isa = PBXFileReference; lastKnownFileType = sourcecode.swift; path = CharacterDetailsInteractor.swift; sourceTree = "<group>"; };
		8CAA36DF23A2933700ABF8B2 /* CharacterListPresenter.swift */ = {isa = PBXFileReference; lastKnownFileType = sourcecode.swift; path = CharacterListPresenter.swift; sourceTree = "<group>"; };
		8CAA36E023A2933700ABF8B2 /* CharacterListWorker.swift */ = {isa = PBXFileReference; lastKnownFileType = sourcecode.swift; path = CharacterListWorker.swift; sourceTree = "<group>"; };
		8CAA36E123A2933700ABF8B2 /* CharacterListRouter.swift */ = {isa = PBXFileReference; lastKnownFileType = sourcecode.swift; path = CharacterListRouter.swift; sourceTree = "<group>"; };
		8CAA36E223A2933700ABF8B2 /* CharacterListModels.swift */ = {isa = PBXFileReference; lastKnownFileType = sourcecode.swift; path = CharacterListModels.swift; sourceTree = "<group>"; };
		8CAA36E323A2933700ABF8B2 /* CharacterListViewController.swift */ = {isa = PBXFileReference; lastKnownFileType = sourcecode.swift; path = CharacterListViewController.swift; sourceTree = "<group>"; };
		8CAA36E423A2933700ABF8B2 /* CharacterListInteractor.swift */ = {isa = PBXFileReference; lastKnownFileType = sourcecode.swift; path = CharacterListInteractor.swift; sourceTree = "<group>"; };
		8CAA36F823A29A1200ABF8B2 /* CharacterListResult.swift */ = {isa = PBXFileReference; lastKnownFileType = sourcecode.swift; path = CharacterListResult.swift; sourceTree = "<group>"; };
		8CC40E2A23A28D5000AD1533 /* RickAndMorty.app */ = {isa = PBXFileReference; explicitFileType = wrapper.application; includeInIndex = 0; path = RickAndMorty.app; sourceTree = BUILT_PRODUCTS_DIR; };
		8CC40E2D23A28D5000AD1533 /* AppDelegate.swift */ = {isa = PBXFileReference; lastKnownFileType = sourcecode.swift; path = AppDelegate.swift; sourceTree = "<group>"; };
		8CC40E2F23A28D5000AD1533 /* SceneDelegate.swift */ = {isa = PBXFileReference; lastKnownFileType = sourcecode.swift; path = SceneDelegate.swift; sourceTree = "<group>"; };
		8CC40E3423A28D5000AD1533 /* Base */ = {isa = PBXFileReference; lastKnownFileType = file.storyboard; name = Base; path = Base.lproj/Main.storyboard; sourceTree = "<group>"; };
		8CC40E3623A28D5400AD1533 /* Assets.xcassets */ = {isa = PBXFileReference; lastKnownFileType = folder.assetcatalog; path = Assets.xcassets; sourceTree = "<group>"; };
		8CC40E3923A28D5400AD1533 /* Base */ = {isa = PBXFileReference; lastKnownFileType = file.storyboard; name = Base; path = Base.lproj/LaunchScreen.storyboard; sourceTree = "<group>"; };
		8CC40E3B23A28D5400AD1533 /* Info.plist */ = {isa = PBXFileReference; lastKnownFileType = text.plist.xml; path = Info.plist; sourceTree = "<group>"; };
		8CC40E4023A28D5500AD1533 /* RickAndMortyTests.xctest */ = {isa = PBXFileReference; explicitFileType = wrapper.cfbundle; includeInIndex = 0; path = RickAndMortyTests.xctest; sourceTree = BUILT_PRODUCTS_DIR; };
		8CC40E4623A28D5500AD1533 /* Info.plist */ = {isa = PBXFileReference; lastKnownFileType = text.plist.xml; path = Info.plist; sourceTree = "<group>"; };
		8CC40E4B23A28D5500AD1533 /* RickAndMortyUITests.xctest */ = {isa = PBXFileReference; explicitFileType = wrapper.cfbundle; includeInIndex = 0; path = RickAndMortyUITests.xctest; sourceTree = BUILT_PRODUCTS_DIR; };
		8CC40E5123A28D5500AD1533 /* Info.plist */ = {isa = PBXFileReference; lastKnownFileType = text.plist.xml; path = Info.plist; sourceTree = "<group>"; };
/* End PBXFileReference section */

/* Begin PBXFrameworksBuildPhase section */
		8CC40E2723A28D5000AD1533 /* Frameworks */ = {
			isa = PBXFrameworksBuildPhase;
			buildActionMask = 2147483647;
			files = (
			);
			runOnlyForDeploymentPostprocessing = 0;
		};
		8CC40E3D23A28D5500AD1533 /* Frameworks */ = {
			isa = PBXFrameworksBuildPhase;
			buildActionMask = 2147483647;
			files = (
			);
			runOnlyForDeploymentPostprocessing = 0;
		};
		8CC40E4823A28D5500AD1533 /* Frameworks */ = {
			isa = PBXFrameworksBuildPhase;
			buildActionMask = 2147483647;
			files = (
			);
			runOnlyForDeploymentPostprocessing = 0;
		};
/* End PBXFrameworksBuildPhase section */

/* Begin PBXGroup section */
		8C714CBF23A3CE7000CB2E77 /* CharacterDetails */ = {
			isa = PBXGroup;
			children = (
				8C714CD023A3D1A100CB2E77 /* CharacterListViewControllerTests.swift */,
				8C714CD123A3D1A100CB2E77 /* CharacterListInteractorTests.swift */,
				8C714CD223A3D1A100CB2E77 /* CharacterListWorkerTests.swift */,
				8C714CD323A3D1A100CB2E77 /* CharacterListPresenterTests.swift */,
			);
			path = CharacterDetails;
			sourceTree = "<group>";
		};
		8C90D80423A2A6DF00DF9383 /* Custom cells */ = {
			isa = PBXGroup;
			children = (
				8C7291B923A4125900D93164 /* CharacterCell.swift */,
			);
			path = "Custom cells";
			sourceTree = "<group>";
		};
		8C90D80723A2AA4C00DF9383 /* Extensions */ = {
			isa = PBXGroup;
			children = (
				8C7291BD23A4128900D93164 /* UIImageViewExtension.swift */,
			);
			path = Extensions;
			sourceTree = "<group>";
		};
		8C98258923A2EF41006EEE60 /* CharacterDetails */ = {
			isa = PBXGroup;
			children = (
				8C98259623A2EF6B006EEE60 /* CharacterDetailsPresenter.swift */,
				8C98259723A2EF6B006EEE60 /* CharacterDetailsWorker.swift */,
				8C98259823A2EF6B006EEE60 /* CharacterDetailsRouter.swift */,
				8C98259923A2EF6B006EEE60 /* CharacterDetailsModels.swift */,
				8C98259A23A2EF6B006EEE60 /* CharacterDetailsViewController.swift */,
				8C98259B23A2EF6B006EEE60 /* CharacterDetailsInteractor.swift */,
			);
			path = CharacterDetails;
			sourceTree = "<group>";
		};
		8CAA36F723A29A0400ABF8B2 /* Models */ = {
			isa = PBXGroup;
			children = (
				8CAA36F823A29A1200ABF8B2 /* CharacterListResult.swift */,
			);
			path = Models;
			sourceTree = "<group>";
		};
		8CC40E2123A28D5000AD1533 = {
			isa = PBXGroup;
			children = (
				8CC40E2C23A28D5000AD1533 /* RickAndMorty */,
				8CC40E4323A28D5500AD1533 /* RickAndMortyTests */,
				8CC40E4E23A28D5500AD1533 /* RickAndMortyUITests */,
				8CC40E2B23A28D5000AD1533 /* Products */,
			);
			sourceTree = "<group>";
		};
		8CC40E2B23A28D5000AD1533 /* Products */ = {
			isa = PBXGroup;
			children = (
				8CC40E2A23A28D5000AD1533 /* RickAndMorty.app */,
				8CC40E4023A28D5500AD1533 /* RickAndMortyTests.xctest */,
				8CC40E4B23A28D5500AD1533 /* RickAndMortyUITests.xctest */,
			);
			name = Products;
			sourceTree = "<group>";
		};
		8CC40E2C23A28D5000AD1533 /* RickAndMorty */ = {
			isa = PBXGroup;
			children = (
				8C90D80723A2AA4C00DF9383 /* Extensions */,
				8C90D80423A2A6DF00DF9383 /* Custom cells */,
				8CAA36F723A29A0400ABF8B2 /* Models */,
				8CC40E5D23A292B700AD1533 /* Scenes */,
				8CC40E2D23A28D5000AD1533 /* AppDelegate.swift */,
				8CC40E2F23A28D5000AD1533 /* SceneDelegate.swift */,
				8CC40E3323A28D5000AD1533 /* Main.storyboard */,
				8CC40E3623A28D5400AD1533 /* Assets.xcassets */,
				8CC40E3823A28D5400AD1533 /* LaunchScreen.storyboard */,
				8CC40E3B23A28D5400AD1533 /* Info.plist */,
			);
			path = RickAndMorty;
			sourceTree = "<group>";
		};
		8CC40E4323A28D5500AD1533 /* RickAndMortyTests */ = {
			isa = PBXGroup;
			children = (
				8C714CBF23A3CE7000CB2E77 /* CharacterDetails */,
				8CC40E4623A28D5500AD1533 /* Info.plist */,
			);
			path = RickAndMortyTests;
			sourceTree = "<group>";
		};
		8CC40E4E23A28D5500AD1533 /* RickAndMortyUITests */ = {
			isa = PBXGroup;
			children = (
				8CC40E5123A28D5500AD1533 /* Info.plist */,
			);
			path = RickAndMortyUITests;
			sourceTree = "<group>";
		};
		8CC40E5D23A292B700AD1533 /* Scenes */ = {
			isa = PBXGroup;
			children = (
				8C98258923A2EF41006EEE60 /* CharacterDetails */,
				8CC40E5E23A292BE00AD1533 /* CharacterList */,
			);
			path = Scenes;
			sourceTree = "<group>";
		};
		8CC40E5E23A292BE00AD1533 /* CharacterList */ = {
			isa = PBXGroup;
			children = (
				8CAA36DF23A2933700ABF8B2 /* CharacterListPresenter.swift */,
				8CAA36E023A2933700ABF8B2 /* CharacterListWorker.swift */,
				8CAA36E123A2933700ABF8B2 /* CharacterListRouter.swift */,
				8CAA36E223A2933700ABF8B2 /* CharacterListModels.swift */,
				8CAA36E323A2933700ABF8B2 /* CharacterListViewController.swift */,
				8CAA36E423A2933700ABF8B2 /* CharacterListInteractor.swift */,
			);
			path = CharacterList;
			sourceTree = "<group>";
		};
/* End PBXGroup section */

/* Begin PBXNativeTarget section */
		8CC40E2923A28D5000AD1533 /* RickAndMorty */ = {
			isa = PBXNativeTarget;
			buildConfigurationList = 8CC40E5423A28D5500AD1533 /* Build configuration list for PBXNativeTarget "RickAndMorty" */;
			buildPhases = (
				8CC40E2623A28D5000AD1533 /* Sources */,
				8CC40E2723A28D5000AD1533 /* Frameworks */,
				8CC40E2823A28D5000AD1533 /* Resources */,
			);
			buildRules = (
			);
			dependencies = (
			);
			name = RickAndMorty;
			productName = RickAndMorty;
			productReference = 8CC40E2A23A28D5000AD1533 /* RickAndMorty.app */;
			productType = "com.apple.product-type.application";
		};
		8CC40E3F23A28D5500AD1533 /* RickAndMortyTests */ = {
			isa = PBXNativeTarget;
			buildConfigurationList = 8CC40E5723A28D5500AD1533 /* Build configuration list for PBXNativeTarget "RickAndMortyTests" */;
			buildPhases = (
				8CC40E3C23A28D5500AD1533 /* Sources */,
				8CC40E3D23A28D5500AD1533 /* Frameworks */,
				8CC40E3E23A28D5500AD1533 /* Resources */,
			);
			buildRules = (
			);
			dependencies = (
				8CC40E4223A28D5500AD1533 /* PBXTargetDependency */,
			);
			name = RickAndMortyTests;
			productName = RickAndMortyTests;
			productReference = 8CC40E4023A28D5500AD1533 /* RickAndMortyTests.xctest */;
			productType = "com.apple.product-type.bundle.unit-test";
		};
		8CC40E4A23A28D5500AD1533 /* RickAndMortyUITests */ = {
			isa = PBXNativeTarget;
			buildConfigurationList = 8CC40E5A23A28D5500AD1533 /* Build configuration list for PBXNativeTarget "RickAndMortyUITests" */;
			buildPhases = (
				8CC40E4723A28D5500AD1533 /* Sources */,
				8CC40E4823A28D5500AD1533 /* Frameworks */,
				8CC40E4923A28D5500AD1533 /* Resources */,
			);
			buildRules = (
			);
			dependencies = (
				8CC40E4D23A28D5500AD1533 /* PBXTargetDependency */,
			);
			name = RickAndMortyUITests;
			productName = RickAndMortyUITests;
			productReference = 8CC40E4B23A28D5500AD1533 /* RickAndMortyUITests.xctest */;
			productType = "com.apple.product-type.bundle.ui-testing";
		};
/* End PBXNativeTarget section */

/* Begin PBXProject section */
		8CC40E2223A28D5000AD1533 /* Project object */ = {
			isa = PBXProject;
			attributes = {
				LastSwiftUpdateCheck = 1120;
				LastUpgradeCheck = 1120;
				ORGANIZATIONNAME = "Ricardo Ruiz";
				TargetAttributes = {
					8CC40E2923A28D5000AD1533 = {
						CreatedOnToolsVersion = 11.2.1;
					};
					8CC40E3F23A28D5500AD1533 = {
						CreatedOnToolsVersion = 11.2.1;
						TestTargetID = 8CC40E2923A28D5000AD1533;
					};
					8CC40E4A23A28D5500AD1533 = {
						CreatedOnToolsVersion = 11.2.1;
						TestTargetID = 8CC40E2923A28D5000AD1533;
					};
				};
			};
			buildConfigurationList = 8CC40E2523A28D5000AD1533 /* Build configuration list for PBXProject "RickAndMorty" */;
			compatibilityVersion = "Xcode 9.3";
			developmentRegion = en;
			hasScannedForEncodings = 0;
			knownRegions = (
				en,
				Base,
			);
			mainGroup = 8CC40E2123A28D5000AD1533;
			productRefGroup = 8CC40E2B23A28D5000AD1533 /* Products */;
			projectDirPath = "";
			projectRoot = "";
			targets = (
				8CC40E2923A28D5000AD1533 /* RickAndMorty */,
				8CC40E3F23A28D5500AD1533 /* RickAndMortyTests */,
				8CC40E4A23A28D5500AD1533 /* RickAndMortyUITests */,
			);
		};
/* End PBXProject section */

/* Begin PBXResourcesBuildPhase section */
		8CC40E2823A28D5000AD1533 /* Resources */ = {
			isa = PBXResourcesBuildPhase;
			buildActionMask = 2147483647;
			files = (
				8CC40E3A23A28D5400AD1533 /* LaunchScreen.storyboard in Resources */,
				8CC40E3723A28D5400AD1533 /* Assets.xcassets in Resources */,
				8CC40E3523A28D5000AD1533 /* Main.storyboard in Resources */,
			);
			runOnlyForDeploymentPostprocessing = 0;
		};
		8CC40E3E23A28D5500AD1533 /* Resources */ = {
			isa = PBXResourcesBuildPhase;
			buildActionMask = 2147483647;
			files = (
			);
			runOnlyForDeploymentPostprocessing = 0;
		};
		8CC40E4923A28D5500AD1533 /* Resources */ = {
			isa = PBXResourcesBuildPhase;
			buildActionMask = 2147483647;
			files = (
			);
			runOnlyForDeploymentPostprocessing = 0;
		};
/* End PBXResourcesBuildPhase section */

/* Begin PBXSourcesBuildPhase section */
		8CC40E2623A28D5000AD1533 /* Sources */ = {
			isa = PBXSourcesBuildPhase;
			buildActionMask = 2147483647;
			files = (
				8CAA36EB23A2933700ABF8B2 /* CharacterListRouter.swift in Sources */,
				8C9825A823A2EF6B006EEE60 /* CharacterDetailsViewController.swift in Sources */,
				8C9825A223A2EF6B006EEE60 /* CharacterDetailsRouter.swift in Sources */,
				8CAA36E523A2933700ABF8B2 /* CharacterListPresenter.swift in Sources */,
				8C9825AB23A2EF6B006EEE60 /* CharacterDetailsInteractor.swift in Sources */,
				8C9825A523A2EF6B006EEE60 /* CharacterDetailsModels.swift in Sources */,
				8CC40E2E23A28D5000AD1533 /* AppDelegate.swift in Sources */,
				8C98259F23A2EF6B006EEE60 /* CharacterDetailsWorker.swift in Sources */,
				8C98259C23A2EF6B006EEE60 /* CharacterDetailsPresenter.swift in Sources */,
				8CAA36F123A2933700ABF8B2 /* CharacterListViewController.swift in Sources */,
				8CC40E3023A28D5000AD1533 /* SceneDelegate.swift in Sources */,
				8C7291BA23A4125900D93164 /* CharacterCell.swift in Sources */,
				8CAA36E823A2933700ABF8B2 /* CharacterListWorker.swift in Sources */,
				8C7291BE23A4128900D93164 /* UIImageViewExtension.swift in Sources */,
				8CAA36F923A29A1200ABF8B2 /* CharacterListResult.swift in Sources */,
				8CAA36EE23A2933700ABF8B2 /* CharacterListModels.swift in Sources */,
				8CAA36F423A2933700ABF8B2 /* CharacterListInteractor.swift in Sources */,
			);
			runOnlyForDeploymentPostprocessing = 0;
		};
		8CC40E3C23A28D5500AD1533 /* Sources */ = {
			isa = PBXSourcesBuildPhase;
			buildActionMask = 2147483647;
			files = (
				8C714CD523A3D1A100CB2E77 /* CharacterListInteractorTests.swift in Sources */,
				8C9825A923A2EF6B006EEE60 /* CharacterDetailsViewController.swift in Sources */,
				8CAA36E623A2933700ABF8B2 /* CharacterListPresenter.swift in Sources */,
				8C7291BF23A4128900D93164 /* UIImageViewExtension.swift in Sources */,
				8C7291BB23A4125900D93164 /* CharacterCell.swift in Sources */,
				8CAA36F523A2933700ABF8B2 /* CharacterListInteractor.swift in Sources */,
				8CAA36EC23A2933700ABF8B2 /* CharacterListRouter.swift in Sources */,
				8C9825A023A2EF6B006EEE60 /* CharacterDetailsWorker.swift in Sources */,
				8C9825AC23A2EF6B006EEE60 /* CharacterDetailsInteractor.swift in Sources */,
				8C714CD423A3D1A100CB2E77 /* CharacterListViewControllerTests.swift in Sources */,
				8CAA36E923A2933700ABF8B2 /* CharacterListWorker.swift in Sources */,
				8C98259D23A2EF6B006EEE60 /* CharacterDetailsPresenter.swift in Sources */,
				8CAA36F223A2933700ABF8B2 /* CharacterListViewController.swift in Sources */,
				8CAA36EF23A2933700ABF8B2 /* CharacterListModels.swift in Sources */,
				8CAA36FA23A29A1200ABF8B2 /* CharacterListResult.swift in Sources */,
				8C9825A623A2EF6B006EEE60 /* CharacterDetailsModels.swift in Sources */,
				8C714CD723A3D1A100CB2E77 /* CharacterListPresenterTests.swift in Sources */,
				8C9825A323A2EF6B006EEE60 /* CharacterDetailsRouter.swift in Sources */,
				8C714CD623A3D1A100CB2E77 /* CharacterListWorkerTests.swift in Sources */,
			);
			runOnlyForDeploymentPostprocessing = 0;
		};
		8CC40E4723A28D5500AD1533 /* Sources */ = {
			isa = PBXSourcesBuildPhase;
			buildActionMask = 2147483647;
			files = (
				8C9825AA23A2EF6B006EEE60 /* CharacterDetailsViewController.swift in Sources */,
				8CAA36E723A2933700ABF8B2 /* CharacterListPresenter.swift in Sources */,
				8CAA36F623A2933700ABF8B2 /* CharacterListInteractor.swift in Sources */,
				8C7291BC23A4125900D93164 /* CharacterCell.swift in Sources */,
				8CAA36ED23A2933700ABF8B2 /* CharacterListRouter.swift in Sources */,
				8C7291C023A4128900D93164 /* UIImageViewExtension.swift in Sources */,
				8C9825A123A2EF6B006EEE60 /* CharacterDetailsWorker.swift in Sources */,
				8C9825AD23A2EF6B006EEE60 /* CharacterDetailsInteractor.swift in Sources */,
				8CAA36EA23A2933700ABF8B2 /* CharacterListWorker.swift in Sources */,
				8C98259E23A2EF6B006EEE60 /* CharacterDetailsPresenter.swift in Sources */,
				8CAA36F323A2933700ABF8B2 /* CharacterListViewController.swift in Sources */,
				8CAA36F023A2933700ABF8B2 /* CharacterListModels.swift in Sources */,
				8CAA36FB23A29A1200ABF8B2 /* CharacterListResult.swift in Sources */,
				8C9825A723A2EF6B006EEE60 /* CharacterDetailsModels.swift in Sources */,
				8C9825A423A2EF6B006EEE60 /* CharacterDetailsRouter.swift in Sources */,
			);
			runOnlyForDeploymentPostprocessing = 0;
		};
/* End PBXSourcesBuildPhase section */

/* Begin PBXTargetDependency section */
		8CC40E4223A28D5500AD1533 /* PBXTargetDependency */ = {
			isa = PBXTargetDependency;
			target = 8CC40E2923A28D5000AD1533 /* RickAndMorty */;
			targetProxy = 8CC40E4123A28D5500AD1533 /* PBXContainerItemProxy */;
		};
		8CC40E4D23A28D5500AD1533 /* PBXTargetDependency */ = {
			isa = PBXTargetDependency;
			target = 8CC40E2923A28D5000AD1533 /* RickAndMorty */;
			targetProxy = 8CC40E4C23A28D5500AD1533 /* PBXContainerItemProxy */;
		};
/* End PBXTargetDependency section */

/* Begin PBXVariantGroup section */
		8CC40E3323A28D5000AD1533 /* Main.storyboard */ = {
			isa = PBXVariantGroup;
			children = (
				8CC40E3423A28D5000AD1533 /* Base */,
			);
			name = Main.storyboard;
			sourceTree = "<group>";
		};
		8CC40E3823A28D5400AD1533 /* LaunchScreen.storyboard */ = {
			isa = PBXVariantGroup;
			children = (
				8CC40E3923A28D5400AD1533 /* Base */,
			);
			name = LaunchScreen.storyboard;
			sourceTree = "<group>";
		};
/* End PBXVariantGroup section */

/* Begin XCBuildConfiguration section */
		8CC40E5223A28D5500AD1533 /* Debug */ = {
			isa = XCBuildConfiguration;
			buildSettings = {
				ALWAYS_SEARCH_USER_PATHS = NO;
				CLANG_ANALYZER_NONNULL = YES;
				CLANG_ANALYZER_NUMBER_OBJECT_CONVERSION = YES_AGGRESSIVE;
				CLANG_CXX_LANGUAGE_STANDARD = "gnu++14";
				CLANG_CXX_LIBRARY = "libc++";
				CLANG_ENABLE_MODULES = YES;
				CLANG_ENABLE_OBJC_ARC = YES;
				CLANG_ENABLE_OBJC_WEAK = YES;
				CLANG_WARN_BLOCK_CAPTURE_AUTORELEASING = YES;
				CLANG_WARN_BOOL_CONVERSION = YES;
				CLANG_WARN_COMMA = YES;
				CLANG_WARN_CONSTANT_CONVERSION = YES;
				CLANG_WARN_DEPRECATED_OBJC_IMPLEMENTATIONS = YES;
				CLANG_WARN_DIRECT_OBJC_ISA_USAGE = YES_ERROR;
				CLANG_WARN_DOCUMENTATION_COMMENTS = YES;
				CLANG_WARN_EMPTY_BODY = YES;
				CLANG_WARN_ENUM_CONVERSION = YES;
				CLANG_WARN_INFINITE_RECURSION = YES;
				CLANG_WARN_INT_CONVERSION = YES;
				CLANG_WARN_NON_LITERAL_NULL_CONVERSION = YES;
				CLANG_WARN_OBJC_IMPLICIT_RETAIN_SELF = YES;
				CLANG_WARN_OBJC_LITERAL_CONVERSION = YES;
				CLANG_WARN_OBJC_ROOT_CLASS = YES_ERROR;
				CLANG_WARN_RANGE_LOOP_ANALYSIS = YES;
				CLANG_WARN_STRICT_PROTOTYPES = YES;
				CLANG_WARN_SUSPICIOUS_MOVE = YES;
				CLANG_WARN_UNGUARDED_AVAILABILITY = YES_AGGRESSIVE;
				CLANG_WARN_UNREACHABLE_CODE = YES;
				CLANG_WARN__DUPLICATE_METHOD_MATCH = YES;
				COPY_PHASE_STRIP = NO;
				DEBUG_INFORMATION_FORMAT = dwarf;
				ENABLE_STRICT_OBJC_MSGSEND = YES;
				ENABLE_TESTABILITY = YES;
				GCC_C_LANGUAGE_STANDARD = gnu11;
				GCC_DYNAMIC_NO_PIC = NO;
				GCC_NO_COMMON_BLOCKS = YES;
				GCC_OPTIMIZATION_LEVEL = 0;
				GCC_PREPROCESSOR_DEFINITIONS = (
					"DEBUG=1",
					"$(inherited)",
				);
				GCC_WARN_64_TO_32_BIT_CONVERSION = YES;
				GCC_WARN_ABOUT_RETURN_TYPE = YES_ERROR;
				GCC_WARN_UNDECLARED_SELECTOR = YES;
				GCC_WARN_UNINITIALIZED_AUTOS = YES_AGGRESSIVE;
				GCC_WARN_UNUSED_FUNCTION = YES;
				GCC_WARN_UNUSED_VARIABLE = YES;
				IPHONEOS_DEPLOYMENT_TARGET = 13.2;
				MTL_ENABLE_DEBUG_INFO = INCLUDE_SOURCE;
				MTL_FAST_MATH = YES;
				ONLY_ACTIVE_ARCH = YES;
				SDKROOT = iphoneos;
				SWIFT_ACTIVE_COMPILATION_CONDITIONS = DEBUG;
				SWIFT_OPTIMIZATION_LEVEL = "-Onone";
			};
			name = Debug;
		};
		8CC40E5323A28D5500AD1533 /* Release */ = {
			isa = XCBuildConfiguration;
			buildSettings = {
				ALWAYS_SEARCH_USER_PATHS = NO;
				CLANG_ANALYZER_NONNULL = YES;
				CLANG_ANALYZER_NUMBER_OBJECT_CONVERSION = YES_AGGRESSIVE;
				CLANG_CXX_LANGUAGE_STANDARD = "gnu++14";
				CLANG_CXX_LIBRARY = "libc++";
				CLANG_ENABLE_MODULES = YES;
				CLANG_ENABLE_OBJC_ARC = YES;
				CLANG_ENABLE_OBJC_WEAK = YES;
				CLANG_WARN_BLOCK_CAPTURE_AUTORELEASING = YES;
				CLANG_WARN_BOOL_CONVERSION = YES;
				CLANG_WARN_COMMA = YES;
				CLANG_WARN_CONSTANT_CONVERSION = YES;
				CLANG_WARN_DEPRECATED_OBJC_IMPLEMENTATIONS = YES;
				CLANG_WARN_DIRECT_OBJC_ISA_USAGE = YES_ERROR;
				CLANG_WARN_DOCUMENTATION_COMMENTS = YES;
				CLANG_WARN_EMPTY_BODY = YES;
				CLANG_WARN_ENUM_CONVERSION = YES;
				CLANG_WARN_INFINITE_RECURSION = YES;
				CLANG_WARN_INT_CONVERSION = YES;
				CLANG_WARN_NON_LITERAL_NULL_CONVERSION = YES;
				CLANG_WARN_OBJC_IMPLICIT_RETAIN_SELF = YES;
				CLANG_WARN_OBJC_LITERAL_CONVERSION = YES;
				CLANG_WARN_OBJC_ROOT_CLASS = YES_ERROR;
				CLANG_WARN_RANGE_LOOP_ANALYSIS = YES;
				CLANG_WARN_STRICT_PROTOTYPES = YES;
				CLANG_WARN_SUSPICIOUS_MOVE = YES;
				CLANG_WARN_UNGUARDED_AVAILABILITY = YES_AGGRESSIVE;
				CLANG_WARN_UNREACHABLE_CODE = YES;
				CLANG_WARN__DUPLICATE_METHOD_MATCH = YES;
				COPY_PHASE_STRIP = NO;
				DEBUG_INFORMATION_FORMAT = "dwarf-with-dsym";
				ENABLE_NS_ASSERTIONS = NO;
				ENABLE_STRICT_OBJC_MSGSEND = YES;
				GCC_C_LANGUAGE_STANDARD = gnu11;
				GCC_NO_COMMON_BLOCKS = YES;
				GCC_WARN_64_TO_32_BIT_CONVERSION = YES;
				GCC_WARN_ABOUT_RETURN_TYPE = YES_ERROR;
				GCC_WARN_UNDECLARED_SELECTOR = YES;
				GCC_WARN_UNINITIALIZED_AUTOS = YES_AGGRESSIVE;
				GCC_WARN_UNUSED_FUNCTION = YES;
				GCC_WARN_UNUSED_VARIABLE = YES;
				IPHONEOS_DEPLOYMENT_TARGET = 13.2;
				MTL_ENABLE_DEBUG_INFO = NO;
				MTL_FAST_MATH = YES;
				SDKROOT = iphoneos;
				SWIFT_COMPILATION_MODE = wholemodule;
				SWIFT_OPTIMIZATION_LEVEL = "-O";
				VALIDATE_PRODUCT = YES;
			};
			name = Release;
		};
		8CC40E5523A28D5500AD1533 /* Debug */ = {
			isa = XCBuildConfiguration;
			buildSettings = {
				ASSETCATALOG_COMPILER_APPICON_NAME = AppIcon;
				CODE_SIGN_STYLE = Automatic;
				DEVELOPMENT_TEAM = Z9S357BE2F;
				INFOPLIST_FILE = RickAndMorty/Info.plist;
				IPHONEOS_DEPLOYMENT_TARGET = 13.2;
				LD_RUNPATH_SEARCH_PATHS = (
					"$(inherited)",
					"@executable_path/Frameworks",
				);
				PRODUCT_BUNDLE_IDENTIFIER = ricardoruiz.RickAndMorty;
				PRODUCT_NAME = "$(TARGET_NAME)";
				SWIFT_VERSION = 5.0;
				TARGETED_DEVICE_FAMILY = "1,2";
			};
			name = Debug;
		};
		8CC40E5623A28D5500AD1533 /* Release */ = {
			isa = XCBuildConfiguration;
			buildSettings = {
				ASSETCATALOG_COMPILER_APPICON_NAME = AppIcon;
				CODE_SIGN_STYLE = Automatic;
				DEVELOPMENT_TEAM = Z9S357BE2F;
				INFOPLIST_FILE = RickAndMorty/Info.plist;
				IPHONEOS_DEPLOYMENT_TARGET = 13.2;
				LD_RUNPATH_SEARCH_PATHS = (
					"$(inherited)",
					"@executable_path/Frameworks",
				);
				PRODUCT_BUNDLE_IDENTIFIER = ricardoruiz.RickAndMorty;
				PRODUCT_NAME = "$(TARGET_NAME)";
				SWIFT_VERSION = 5.0;
				TARGETED_DEVICE_FAMILY = "1,2";
			};
			name = Release;
		};
		8CC40E5823A28D5500AD1533 /* Debug */ = {
			isa = XCBuildConfiguration;
			buildSettings = {
				ALWAYS_EMBED_SWIFT_STANDARD_LIBRARIES = YES;
				BUNDLE_LOADER = "$(TEST_HOST)";
				CODE_SIGN_STYLE = Automatic;
				DEVELOPMENT_TEAM = Z9S357BE2F;
				INFOPLIST_FILE = RickAndMortyTests/Info.plist;
				IPHONEOS_DEPLOYMENT_TARGET = 13.2;
				LD_RUNPATH_SEARCH_PATHS = (
					"$(inherited)",
					"@executable_path/Frameworks",
					"@loader_path/Frameworks",
				);
				PRODUCT_BUNDLE_IDENTIFIER = ricardoruiz.RickAndMortyTests;
				PRODUCT_NAME = "$(TARGET_NAME)";
				SWIFT_VERSION = 5.0;
				TARGETED_DEVICE_FAMILY = "1,2";
				TEST_HOST = "$(BUILT_PRODUCTS_DIR)/RickAndMorty.app/RickAndMorty";
			};
			name = Debug;
		};
		8CC40E5923A28D5500AD1533 /* Release */ = {
			isa = XCBuildConfiguration;
			buildSettings = {
				ALWAYS_EMBED_SWIFT_STANDARD_LIBRARIES = YES;
				BUNDLE_LOADER = "$(TEST_HOST)";
				CODE_SIGN_STYLE = Automatic;
				DEVELOPMENT_TEAM = Z9S357BE2F;
				INFOPLIST_FILE = RickAndMortyTests/Info.plist;
				IPHONEOS_DEPLOYMENT_TARGET = 13.2;
				LD_RUNPATH_SEARCH_PATHS = (
					"$(inherited)",
					"@executable_path/Frameworks",
					"@loader_path/Frameworks",
				);
				PRODUCT_BUNDLE_IDENTIFIER = ricardoruiz.RickAndMortyTests;
				PRODUCT_NAME = "$(TARGET_NAME)";
				SWIFT_VERSION = 5.0;
				TARGETED_DEVICE_FAMILY = "1,2";
				TEST_HOST = "$(BUILT_PRODUCTS_DIR)/RickAndMorty.app/RickAndMorty";
			};
			name = Release;
		};
		8CC40E5B23A28D5500AD1533 /* Debug */ = {
			isa = XCBuildConfiguration;
			buildSettings = {
				ALWAYS_EMBED_SWIFT_STANDARD_LIBRARIES = YES;
				CODE_SIGN_STYLE = Automatic;
				DEVELOPMENT_TEAM = Z9S357BE2F;
				INFOPLIST_FILE = RickAndMortyUITests/Info.plist;
				LD_RUNPATH_SEARCH_PATHS = (
					"$(inherited)",
					"@executable_path/Frameworks",
					"@loader_path/Frameworks",
				);
				PRODUCT_BUNDLE_IDENTIFIER = ricardoruiz.RickAndMortyUITests;
				PRODUCT_NAME = "$(TARGET_NAME)";
				SWIFT_VERSION = 5.0;
				TARGETED_DEVICE_FAMILY = "1,2";
				TEST_TARGET_NAME = RickAndMorty;
			};
			name = Debug;
		};
		8CC40E5C23A28D5500AD1533 /* Release */ = {
			isa = XCBuildConfiguration;
			buildSettings = {
				ALWAYS_EMBED_SWIFT_STANDARD_LIBRARIES = YES;
				CODE_SIGN_STYLE = Automatic;
				DEVELOPMENT_TEAM = Z9S357BE2F;
				INFOPLIST_FILE = RickAndMortyUITests/Info.plist;
				LD_RUNPATH_SEARCH_PATHS = (
					"$(inherited)",
					"@executable_path/Frameworks",
					"@loader_path/Frameworks",
				);
				PRODUCT_BUNDLE_IDENTIFIER = ricardoruiz.RickAndMortyUITests;
				PRODUCT_NAME = "$(TARGET_NAME)";
				SWIFT_VERSION = 5.0;
				TARGETED_DEVICE_FAMILY = "1,2";
				TEST_TARGET_NAME = RickAndMorty;
			};
			name = Release;
		};
/* End XCBuildConfiguration section */

/* Begin XCConfigurationList section */
		8CC40E2523A28D5000AD1533 /* Build configuration list for PBXProject "RickAndMorty" */ = {
			isa = XCConfigurationList;
			buildConfigurations = (
				8CC40E5223A28D5500AD1533 /* Debug */,
				8CC40E5323A28D5500AD1533 /* Release */,
			);
			defaultConfigurationIsVisible = 0;
			defaultConfigurationName = Release;
		};
		8CC40E5423A28D5500AD1533 /* Build configuration list for PBXNativeTarget "RickAndMorty" */ = {
			isa = XCConfigurationList;
			buildConfigurations = (
				8CC40E5523A28D5500AD1533 /* Debug */,
				8CC40E5623A28D5500AD1533 /* Release */,
			);
			defaultConfigurationIsVisible = 0;
			defaultConfigurationName = Release;
		};
		8CC40E5723A28D5500AD1533 /* Build configuration list for PBXNativeTarget "RickAndMortyTests" */ = {
			isa = XCConfigurationList;
			buildConfigurations = (
				8CC40E5823A28D5500AD1533 /* Debug */,
				8CC40E5923A28D5500AD1533 /* Release */,
			);
			defaultConfigurationIsVisible = 0;
			defaultConfigurationName = Release;
		};
		8CC40E5A23A28D5500AD1533 /* Build configuration list for PBXNativeTarget "RickAndMortyUITests" */ = {
			isa = XCConfigurationList;
			buildConfigurations = (
				8CC40E5B23A28D5500AD1533 /* Debug */,
				8CC40E5C23A28D5500AD1533 /* Release */,
			);
			defaultConfigurationIsVisible = 0;
			defaultConfigurationName = Release;
		};
/* End XCConfigurationList section */
	};
	rootObject = 8CC40E2223A28D5000AD1533 /* Project object */;
}
